
Microsoft Visual Studio Solution File, Format Version 12.00
# Visual Studio 15
VisualStudioVersion = 15.0.28010.2046
MinimumVisualStudioVersion = 10.0.40219.1
Project("{FAE04EC0-301F-11D3-BF4B-00C04F79EFBC}") = "FinalProject", "FinalProject\FinalProject.csproj", "{041667AB-B8AE-4055-982C-9094221FCA25}"
EndProject
Global
	GlobalSection(SolutionConfigurationPlatforms) = preSolution
		Debug|Any CPU = Debug|Any CPU
		Release|Any CPU = Release|Any CPU
	EndGlobalSection
	GlobalSection(ProjectConfigurationPlatforms) = postSolution
		{041667AB-B8AE-4055-982C-9094221FCA25}.Debug|Any CPU.ActiveCfg = Debug|Any CPU
		{041667AB-B8AE-4055-982C-9094221FCA25}.Debug|Any CPU.Build.0 = Debug|Any CPU
		{041667AB-B8AE-4055-982C-9094221FCA25}.Release|Any CPU.ActiveCfg = Release|Any CPU
		{041667AB-B8AE-4055-982C-9094221FCA25}.Release|Any CPU.Build.0 = Release|Any CPU
	EndGlobalSection
	GlobalSection(SolutionProperties) = preSolution
		HideSolutionNode = FALSE
	EndGlobalSection
	GlobalSection(ExtensibilityGlobals) = postSolution
		SolutionGuid = {5422E1F0-F0F4-43BB-9DDA-1436F7CE750E}
	EndGlobalSection
EndGlobal
